{
  "lockfile_version": "1",
  "packages": {
    "github:NixOS/nixpkgs/nixpkgs-unstable": {
      "last_modified": "2025-08-01T14:55:05Z",
      "resolved": "github:NixOS/nixpkgs/e7eabdc701d7dbb810fd91a97ec358caa4c1fc50?lastModified=1754060105&narHash=sha256-di5L6e5Iiv%2BoegS07j9h23FdqEpXn0ZQqMlDOEMw1EY%3D"
    },
    "nodejs@20.18.2": {
      "last_modified": "2025-02-07T11:26:36Z",
      "plugin_version": "0.0.2",
      "resolved": "github:NixOS/nixpkgs/d98abf5cf5914e5e4e9d57205e3af55ca90ffc1d#nodejs_20",
      "source": "devbox-search",
      "version": "20.18.2",
      "systems": {
        "aarch64-darwin": {
          "outputs": [
            {
              "name": "out",
              "path": "/nix/store/96ksyrbh7dwscqip9v562ykbxa2ki6dc-nodejs-20.18.2",
              "default": true
            },
            {
              "name": "libv8",
              "path": "/nix/store/ldv7vmpr7ww87dc0m5xmmxpxrsba7lfr-nodejs-20.18.2-libv8"
            }
          ],
          "store_path": "/nix/store/96ksyrbh7dwscqip9v562ykbxa2ki6dc-nodejs-20.18.2"
        },
        "aarch64-linux": {
          "outputs": [
            {
              "name": "out",
              "path": "/nix/store/qmapgsg3cdgz87y36dj8z8a5z8bg0pdp-nodejs-20.18.2",
              "default": true
            },
            {
              "name": "libv8",
              "path": "/nix/store/klwz4v4yks94mgy68v840r87sarma7rn-nodejs-20.18.2-libv8"
            }
          ],
          "store_path": "/nix/store/qmapgsg3cdgz87y36dj8z8a5z8bg0pdp-nodejs-20.18.2"
        },
        "x86_64-darwin": {
          "outputs": [
            {
              "name": "out",
              "path": "/nix/store/qgm87mlhxz3bxrxi1vlgpwdyj01xrvyp-nodejs-20.18.2",
              "default": true
            },
            {
              "name": "libv8",
              "path": "/nix/store/k9r07wx66hnf67w9afn8clfy6ns9xmpi-nodejs-20.18.2-libv8"
            }
          ],
          "store_path": "/nix/store/qgm87mlhxz3bxrxi1vlgpwdyj01xrvyp-nodejs-20.18.2"
        },
        "x86_64-linux": {
          "outputs": [
            {
              "name": "out",
              "path": "/nix/store/q86arrg7wqsw0sqx54dwcpnp6c7f170c-nodejs-20.18.2",
              "default": true
            },
            {
              "name": "libv8",
              "path": "/nix/store/1ccl89b928nhz7dp5q0qyf1j2byj8v34-nodejs-20.18.2-libv8"
            }
          ],
          "store_path": "/nix/store/q86arrg7wqsw0sqx54dwcpnp6c7f170c-nodejs-20.18.2"
        }
      }
    },
    "pnpm@10.28.0": {
      "last_modified": "2026-01-23T17:20:52Z",
      "resolved": "github:NixOS/nixpkgs/a1bab9e494f5f4939442a57a58d0449a109593fe#pnpm",
      "source": "devbox-search",
      "version": "10.28.0",
      "systems": {
        "aarch64-darwin": {
          "outputs": [
            {
              "name": "out",
              "path": "/nix/store/a0i7dm3y1pdkpjc2p0lj2868iqw1cph2-pnpm-10.28.0",
              "default": true
            }
          ],
          "store_path": "/nix/store/a0i7dm3y1pdkpjc2p0lj2868iqw1cph2-pnpm-10.28.0"
        },
        "aarch64-linux": {
          "outputs": [
            {
              "name": "out",
              "path": "/nix/store/xgw9y80p9y0m5dq0qrnwwxi7fs69gm54-pnpm-10.28.0",
              "default": true
            }
          ],
          "store_path": "/nix/store/xgw9y80p9y0m5dq0qrnwwxi7fs69gm54-pnpm-10.28.0"
        },
        "x86_64-darwin": {
          "outputs": [
            {
              "name": "out",
              "path": "/nix/store/dj5b9z76cs1055rp0m8r53n5md1ismab-pnpm-10.28.0",
              "default": true
            }
          ],
          "store_path": "/nix/store/dj5b9z76cs1055rp0m8r53n5md1ismab-pnpm-10.28.0"
        },
        "x86_64-linux": {
          "outputs": [
            {
              "name": "out",
              "path": "/nix/store/q182xhmnqzff17cdg90hcp44ljgvqqr7-pnpm-10.28.0",
              "default": true
            }
          ],
          "store_path": "/nix/store/q182xhmnqzff17cdg90hcp44ljgvqqr7-pnpm-10.28.0"
        }
      }
    }
  }
}
